
Microsoft Visual Studio Solution File, Format Version 12.00
# Visual Studio Version 17
VisualStudioVersion = 17.13.35931.197 d17.13
MinimumVisualStudioVersion = 10.0.40219.1
Project("{FAE04EC0-301F-11D3-BF4B-00C04F79EFBC}") = "AiTests", "AiTests.csproj", "{6B7DFBAF-C6F7-423A-B75E-BD089EB20E19}"
EndProject
Global
	GlobalSection(SolutionConfigurationPlatforms) = preSolution
		Debug|Any CPU = Debug|Any CPU
		Release|Any CPU = Release|Any CPU
	EndGlobalSection
	GlobalSection(ProjectConfigurationPlatforms) = postSolution
		{6B7DFBAF-C6F7-423A-B75E-BD089EB20E19}.Debug|Any CPU.ActiveCfg = Debug|Any CPU
		{6B7DFBAF-C6F7-423A-B75E-BD089EB20E19}.Debug|Any CPU.Build.0 = Debug|Any CPU
		{6B7DFBAF-C6F7-423A-B75E-BD089EB20E19}.Release|Any CPU.ActiveCfg = Release|Any CPU
		{6B7DFBAF-C6F7-423A-B75E-BD089EB20E19}.Release|Any CPU.Build.0 = Release|Any CPU
	EndGlobalSection
	GlobalSection(SolutionProperties) = preSolution
		HideSolutionNode = FALSE
	EndGlobalSection
	GlobalSection(ExtensibilityGlobals) = postSolution
		SolutionGuid = {8ABAF615-84F1-4C74-AED1-70FD0EAE0528}
	EndGlobalSection
EndGlobal
